
Microsoft Visual Studio Solution File, Format Version 12.00
# Visual Studio Version 17
VisualStudioVersion = 17.14.36915.13
MinimumVisualStudioVersion = 10.0.40219.1
Project("{FAE04EC0-301F-11D3-BF4B-00C04F79EFBC}") = "Domain", "Domain\Domain.csproj", "{6CE34C3C-B685-42A7-A928-4D5C4A0CB02E}"
EndProject
Project("{FAE04EC0-301F-11D3-BF4B-00C04F79EFBC}") = "Infrastructure", "Infrastructure\Infrastructure.csproj", "{59E763BB-EEBE-4F33-9BBA-B1391E84ABF6}"
EndProject
Project("{FAE04EC0-301F-11D3-BF4B-00C04F79EFBC}") = "Application", "Application\Application.csproj", "{BF21026A-4231-4CB0-A29A-22B475BDBBAE}"
EndProject
Project("{FAE04EC0-301F-11D3-BF4B-00C04F79EFBC}") = "API", "API\API.csproj", "{870F724F-B00B-4C7E-9BEB-FF3E53A66AD1}"
EndProject
Project("{FAE04EC0-301F-11D3-BF4B-00C04F79EFBC}") = "Worker", "Worker\Worker.csproj", "{6E3F5E26-8E85-4369-B11D-C7E375EEF313}"
EndProject
Project("{FAE04EC0-301F-11D3-BF4B-00C04F79EFBC}") = "Document", "Document\Document.csproj", "{A205513E-A770-4B02-9B1E-8217119417CC}"
EndProject
Global
	GlobalSection(SolutionConfigurationPlatforms) = preSolution
		Debug|Any CPU = Debug|Any CPU
		Debug|x64 = Debug|x64
		Debug|x86 = Debug|x86
		Release|Any CPU = Release|Any CPU
		Release|x64 = Release|x64
		Release|x86 = Release|x86
	EndGlobalSection
	GlobalSection(ProjectConfigurationPlatforms) = postSolution
		{6CE34C3C-B685-42A7-A928-4D5C4A0CB02E}.Debug|Any CPU.ActiveCfg = Debug|Any CPU
		{6CE34C3C-B685-42A7-A928-4D5C4A0CB02E}.Debug|Any CPU.Build.0 = Debug|Any CPU
		{6CE34C3C-B685-42A7-A928-4D5C4A0CB02E}.Debug|x64.ActiveCfg = Debug|Any CPU
		{6CE34C3C-B685-42A7-A928-4D5C4A0CB02E}.Debug|x64.Build.0 = Debug|Any CPU
		{6CE34C3C-B685-42A7-A928-4D5C4A0CB02E}.Debug|x86.ActiveCfg = Debug|Any CPU
		{6CE34C3C-B685-42A7-A928-4D5C4A0CB02E}.Debug|x86.Build.0 = Debug|Any CPU
		{6CE34C3C-B685-42A7-A928-4D5C4A0CB02E}.Release|Any CPU.ActiveCfg = Release|Any CPU
		{6CE34C3C-B685-42A7-A928-4D5C4A0CB02E}.Release|Any CPU.Build.0 = Release|Any CPU
		{6CE34C3C-B685-42A7-A928-4D5C4A0CB02E}.Release|x64.ActiveCfg = Release|Any CPU
		{6CE34C3C-B685-42A7-A928-4D5C4A0CB02E}.Release|x64.Build.0 = Release|Any CPU
		{6CE34C3C-B685-42A7-A928-4D5C4A0CB02E}.Release|x86.ActiveCfg = Release|Any CPU
		{6CE34C3C-B685-42A7-A928-4D5C4A0CB02E}.Release|x86.Build.0 = Release|Any CPU
		{59E763BB-EEBE-4F33-9BBA-B1391E84ABF6}.Debug|Any CPU.ActiveCfg = Debug|Any CPU
		{59E763BB-EEBE-4F33-9BBA-B1391E84ABF6}.Debug|Any CPU.Build.0 = Debug|Any CPU
		{59E763BB-EEBE-4F33-9BBA-B1391E84ABF6}.Debug|x64.ActiveCfg = Debug|Any CPU
		{59E763BB-EEBE-4F33-9BBA-B1391E84ABF6}.Debug|x64.Build.0 = Debug|Any CPU
		{59E763BB-EEBE-4F33-9BBA-B1391E84ABF6}.Debug|x86.ActiveCfg = Debug|Any CPU
		{59E763BB-EEBE-4F33-9BBA-B1391E84ABF6}.Debug|x86.Build.0 = Debug|Any CPU
		{59E763BB-EEBE-4F33-9BBA-B1391E84ABF6}.Release|Any CPU.ActiveCfg = Release|Any CPU
		{59E763BB-EEBE-4F33-9BBA-B1391E84ABF6}.Release|Any CPU.Build.0 = Release|Any CPU
		{59E763BB-EEBE-4F33-9BBA-B1391E84ABF6}.Release|x64.ActiveCfg = Release|Any CPU
		{59E763BB-EEBE-4F33-9BBA-B1391E84ABF6}.Release|x64.Build.0 = Release|Any CPU
		{59E763BB-EEBE-4F33-9BBA-B1391E84ABF6}.Release|x86.ActiveCfg = Release|Any CPU
		{59E763BB-EEBE-4F33-9BBA-B1391E84ABF6}.Release|x86.Build.0 = Release|Any CPU
		{BF21026A-4231-4CB0-A29A-22B475BDBBAE}.Debug|Any CPU.ActiveCfg = Debug|Any CPU
		{BF21026A-4231-4CB0-A29A-22B475BDBBAE}.Debug|Any CPU.Build.0 = Debug|Any CPU
		{BF21026A-4231-4CB0-A29A-22B475BDBBAE}.Debug|x64.ActiveCfg = Debug|Any CPU
		{BF21026A-4231-4CB0-A29A-22B475BDBBAE}.Debug|x64.Build.0 = Debug|Any CPU
		{BF21026A-4231-4CB0-A29A-22B475BDBBAE}.Debug|x86.ActiveCfg = Debug|Any CPU
		{BF21026A-4231-4CB0-A29A-22B475BDBBAE}.Debug|x86.Build.0 = Debug|Any CPU
		{BF21026A-4231-4CB0-A29A-22B475BDBBAE}.Release|Any CPU.ActiveCfg = Release|Any CPU
		{BF21026A-4231-4CB0-A29A-22B475BDBBAE}.Release|Any CPU.Build.0 = Release|Any CPU
		{BF21026A-4231-4CB0-A29A-22B475BDBBAE}.Release|x64.ActiveCfg = Release|Any CPU
		{BF21026A-4231-4CB0-A29A-22B475BDBBAE}.Release|x64.Build.0 = Release|Any CPU
		{BF21026A-4231-4CB0-A29A-22B475BDBBAE}.Release|x86.ActiveCfg = Release|Any CPU
		{BF21026A-4231-4CB0-A29A-22B475BDBBAE}.Release|x86.Build.0 = Release|Any CPU
		{870F724F-B00B-4C7E-9BEB-FF3E53A66AD1}.Debug|Any CPU.ActiveCfg = Debug|Any CPU
		{870F724F-B00B-4C7E-9BEB-FF3E53A66AD1}.Debug|Any CPU.Build.0 = Debug|Any CPU
		{870F724F-B00B-4C7E-9BEB-FF3E53A66AD1}.Debug|x64.ActiveCfg = Debug|Any CPU
		{870F724F-B00B-4C7E-9BEB-FF3E53A66AD1}.Debug|x64.Build.0 = Debug|Any CPU
		{870F724F-B00B-4C7E-9BEB-FF3E53A66AD1}.Debug|x86.ActiveCfg = Debug|Any CPU
		{870F724F-B00B-4C7E-9BEB-FF3E53A66AD1}.Debug|x86.Build.0 = Debug|Any CPU
		{870F724F-B00B-4C7E-9BEB-FF3E53A66AD1}.Release|Any CPU.ActiveCfg = Release|Any CPU
		{870F724F-B00B-4C7E-9BEB-FF3E53A66AD1}.Release|Any CPU.Build.0 = Release|Any CPU
		{870F724F-B00B-4C7E-9BEB-FF3E53A66AD1}.Release|x64.ActiveCfg = Release|Any CPU
		{870F724F-B00B-4C7E-9BEB-FF3E53A66AD1}.Release|x64.Build.0 = Release|Any CPU
		{870F724F-B00B-4C7E-9BEB-FF3E53A66AD1}.Release|x86.ActiveCfg = Release|Any CPU
		{870F724F-B00B-4C7E-9BEB-FF3E53A66AD1}.Release|x86.Build.0 = Release|Any CPU
		{6E3F5E26-8E85-4369-B11D-C7E375EEF313}.Debug|Any CPU.ActiveCfg = Debug|Any CPU
		{6E3F5E26-8E85-4369-B11D-C7E375EEF313}.Debug|Any CPU.Build.0 = Debug|Any CPU
		{6E3F5E26-8E85-4369-B11D-C7E375EEF313}.Debug|x64.ActiveCfg = Debug|Any CPU
		{6E3F5E26-8E85-4369-B11D-C7E375EEF313}.Debug|x64.Build.0 = Debug|Any CPU
		{6E3F5E26-8E85-4369-B11D-C7E375EEF313}.Debug|x86.ActiveCfg = Debug|Any CPU
		{6E3F5E26-8E85-4369-B11D-C7E375EEF313}.Debug|x86.Build.0 = Debug|Any CPU
		{6E3F5E26-8E85-4369-B11D-C7E375EEF313}.Release|Any CPU.ActiveCfg = Release|Any CPU
		{6E3F5E26-8E85-4369-B11D-C7E375EEF313}.Release|Any CPU.Build.0 = Release|Any CPU
		{6E3F5E26-8E85-4369-B11D-C7E375EEF313}.Release|x64.ActiveCfg = Release|Any CPU
		{6E3F5E26-8E85-4369-B11D-C7E375EEF313}.Release|x64.Build.0 = Release|Any CPU
		{6E3F5E26-8E85-4369-B11D-C7E375EEF313}.Release|x86.ActiveCfg = Release|Any CPU
		{6E3F5E26-8E85-4369-B11D-C7E375EEF313}.Release|x86.Build.0 = Release|Any CPU
		{A205513E-A770-4B02-9B1E-8217119417CC}.Debug|Any CPU.ActiveCfg = Debug|Any CPU
		{A205513E-A770-4B02-9B1E-8217119417CC}.Debug|Any CPU.Build.0 = Debug|Any CPU
		{A205513E-A770-4B02-9B1E-8217119417CC}.Debug|x64.ActiveCfg = Debug|Any CPU
		{A205513E-A770-4B02-9B1E-8217119417CC}.Debug|x64.Build.0 = Debug|Any CPU
		{A205513E-A770-4B02-9B1E-8217119417CC}.Debug|x86.ActiveCfg = Debug|Any CPU
		{A205513E-A770-4B02-9B1E-8217119417CC}.Debug|x86.Build.0 = Debug|Any CPU
		{A205513E-A770-4B02-9B1E-8217119417CC}.Release|Any CPU.ActiveCfg = Release|Any CPU
		{A205513E-A770-4B02-9B1E-8217119417CC}.Release|Any CPU.Build.0 = Release|Any CPU
		{A205513E-A770-4B02-9B1E-8217119417CC}.Release|x64.ActiveCfg = Release|Any CPU
		{A205513E-A770-4B02-9B1E-8217119417CC}.Release|x64.Build.0 = Release|Any CPU
		{A205513E-A770-4B02-9B1E-8217119417CC}.Release|x86.ActiveCfg = Release|Any CPU
		{A205513E-A770-4B02-9B1E-8217119417CC}.Release|x86.Build.0 = Release|Any CPU
	EndGlobalSection
	GlobalSection(SolutionProperties) = preSolution
		HideSolutionNode = FALSE
	EndGlobalSection
	GlobalSection(ExtensibilityGlobals) = postSolution
		SolutionGuid = {9A683B42-411B-4541-A1E7-605ACFDC5DDC}
	EndGlobalSection
EndGlobal
